
Microsoft Visual Studio Solution File, Format Version 12.00
# Visual Studio Version 16
VisualStudioVersion = 16.0.31515.178
MinimumVisualStudioVersion = 10.0.40219.1
Project("{FAE04EC0-301F-11D3-BF4B-00C04F79EFBC}") = "QLBH.Fastfood", "QLBH.Fastfood\QLBH.Fastfood.csproj", "{30BDEAA2-7694-420D-B322-48766CF4CE63}"
EndProject
Global
	GlobalSection(SolutionConfigurationPlatforms) = preSolution
		Debug|Any CPU = Debug|Any CPU
		Release|Any CPU = Release|Any CPU
	EndGlobalSection
	GlobalSection(ProjectConfigurationPlatforms) = postSolution
		{30BDEAA2-7694-420D-B322-48766CF4CE63}.Debug|Any CPU.ActiveCfg = Debug|Any CPU
		{30BDEAA2-7694-420D-B322-48766CF4CE63}.Debug|Any CPU.Build.0 = Debug|Any CPU
		{30BDEAA2-7694-420D-B322-48766CF4CE63}.Release|Any CPU.ActiveCfg = Release|Any CPU
		{30BDEAA2-7694-420D-B322-48766CF4CE63}.Release|Any CPU.Build.0 = Release|Any CPU
	EndGlobalSection
	GlobalSection(SolutionProperties) = preSolution
		HideSolutionNode = FALSE
	EndGlobalSection
	GlobalSection(ExtensibilityGlobals) = postSolution
		SolutionGuid = {AEAD9AD1-53E7-4EAC-8613-5C8B20C69745}
	EndGlobalSection
EndGlobal
